// !$*UTF8*$!
{
	archiveVersion = 1;
	classes = {
	};
	objectVersion = 50;
	objects = {

/* Begin PBXBuildFile section */
		0DCB7D8F23E44B7700A577B9 /* AppDelegate.swift in Sources */ = {isa = PBXBuildFile; fileRef = 0DCB7D8E23E44B7700A577B9 /* AppDelegate.swift */; };
		0DCB7D9123E44B7700A577B9 /* SceneDelegate.swift in Sources */ = {isa = PBXBuildFile; fileRef = 0DCB7D9023E44B7700A577B9 /* SceneDelegate.swift */; };
		0DCB7D9323E44B7700A577B9 /* ViewController.swift in Sources */ = {isa = PBXBuildFile; fileRef = 0DCB7D9223E44B7700A577B9 /* ViewController.swift */; };
		0DCB7D9623E44B7700A577B9 /* Main.storyboard in Resources */ = {isa = PBXBuildFile; fileRef = 0DCB7D9423E44B7700A577B9 /* Main.storyboard */; };
		0DCB7D9823E44B7900A577B9 /* Assets.xcassets in Resources */ = {isa = PBXBuildFile; fileRef = 0DCB7D9723E44B7900A577B9 /* Assets.xcassets */; };
		0DCB7D9B23E44B7900A577B9 /* LaunchScreen.storyboard in Resources */ = {isa = PBXBuildFile; fileRef = 0DCB7D9923E44B7900A577B9 /* LaunchScreen.storyboard */; };
		0DCB7DA523E4567800A577B9 /* About.storyboard in Resources */ = {isa = PBXBuildFile; fileRef = 0DCB7DA423E4567800A577B9 /* About.storyboard */; };
		0DCB7DA723E458DD00A577B9 /* Card.storyboard in Resources */ = {isa = PBXBuildFile; fileRef = 0DCB7DA623E458DD00A577B9 /* Card.storyboard */; };
		0DCB7DA923E4591700A577B9 /* List.storyboard in Resources */ = {isa = PBXBuildFile; fileRef = 0DCB7DA823E4591700A577B9 /* List.storyboard */; };
		0DCB7DB123E9995F00A577B9 /* Card.swift in Sources */ = {isa = PBXBuildFile; fileRef = 0DCB7DB023E9995F00A577B9 /* Card.swift */; };
		0DCB7DB323E999A800A577B9 /* Title.swift in Sources */ = {isa = PBXBuildFile; fileRef = 0DCB7DB223E999A800A577B9 /* Title.swift */; };
		0DCB7DB523E999B600A577B9 /* Level.swift in Sources */ = {isa = PBXBuildFile; fileRef = 0DCB7DB423E999B600A577B9 /* Level.swift */; };
		0DCB7DB723E99F2400A577B9 /* Cards.swift in Sources */ = {isa = PBXBuildFile; fileRef = 0DCB7DB623E99F2400A577B9 /* Cards.swift */; };
		0DCB7DC623ECAB8500A577B9 /* Localizable.strings in Resources */ = {isa = PBXBuildFile; fileRef = 0DCB7DC423ECAB8500A577B9 /* Localizable.strings */; };
		2A6FD52223E4737900054D33 /* CardTableViewCell.swift in Sources */ = {isa = PBXBuildFile; fileRef = 2A6FD52023E4737900054D33 /* CardTableViewCell.swift */; };
		2A6FD52323E4737900054D33 /* CardTableViewCell.xib in Resources */ = {isa = PBXBuildFile; fileRef = 2A6FD52123E4737900054D33 /* CardTableViewCell.xib */; };
		2AB6365223EC8315006C63C9 /* TutorialViewController.swift in Sources */ = {isa = PBXBuildFile; fileRef = 2AB6365123EC8315006C63C9 /* TutorialViewController.swift */; };
		2AF1049523E99EE1005390BE /* ListTableViewController.swift in Sources */ = {isa = PBXBuildFile; fileRef = 2AF1049423E99EE1005390BE /* ListTableViewController.swift */; };
		2AF1049723E9C972005390BE /* CardViewController.swift in Sources */ = {isa = PBXBuildFile; fileRef = 2AF1049623E9C972005390BE /* CardViewController.swift */; };
		2AF1049923EA154F005390BE /* AboutViewController.swift in Sources */ = {isa = PBXBuildFile; fileRef = 2AF1049823EA154F005390BE /* AboutViewController.swift */; };
		DD265E06299AEC8A00F0612F /* HomeView.swift in Sources */ = {isa = PBXBuildFile; fileRef = DD265E05299AEC8A00F0612F /* HomeView.swift */; };
		DD265E0A299AF0CB00F0612F /* Fonts.swift in Sources */ = {isa = PBXBuildFile; fileRef = DD265E09299AF0CB00F0612F /* Fonts.swift */; };
/* End PBXBuildFile section */

/* Begin PBXFileReference section */
		0DCB7D8B23E44B7700A577B9 /* AllyKit.app */ = {isa = PBXFileReference; explicitFileType = wrapper.application; includeInIndex = 0; path = AllyKit.app; sourceTree = BUILT_PRODUCTS_DIR; };
		0DCB7D8E23E44B7700A577B9 /* AppDelegate.swift */ = {isa = PBXFileReference; lastKnownFileType = sourcecode.swift; path = AppDelegate.swift; sourceTree = "<group>"; };
		0DCB7D9023E44B7700A577B9 /* SceneDelegate.swift */ = {isa = PBXFileReference; lastKnownFileType = sourcecode.swift; path = SceneDelegate.swift; sourceTree = "<group>"; };
		0DCB7D9223E44B7700A577B9 /* ViewController.swift */ = {isa = PBXFileReference; lastKnownFileType = sourcecode.swift; path = ViewController.swift; sourceTree = "<group>"; };
		0DCB7D9523E44B7700A577B9 /* Base */ = {isa = PBXFileReference; lastKnownFileType = file.storyboard; name = Base; path = Base.lproj/Main.storyboard; sourceTree = "<group>"; };
		0DCB7D9723E44B7900A577B9 /* Assets.xcassets */ = {isa = PBXFileReference; lastKnownFileType = folder.assetcatalog; path = Assets.xcassets; sourceTree = "<group>"; };
		0DCB7D9A23E44B7900A577B9 /* Base */ = {isa = PBXFileReference; lastKnownFileType = file.storyboard; name = Base; path = Base.lproj/LaunchScreen.storyboard; sourceTree = "<group>"; };
		0DCB7D9C23E44B7900A577B9 /* Info.plist */ = {isa = PBXFileReference; lastKnownFileType = text.plist.xml; path = Info.plist; sourceTree = "<group>"; };
		0DCB7DA423E4567800A577B9 /* About.storyboard */ = {isa = PBXFileReference; lastKnownFileType = file.storyboard; path = About.storyboard; sourceTree = "<group>"; };
		0DCB7DA623E458DD00A577B9 /* Card.storyboard */ = {isa = PBXFileReference; lastKnownFileType = file.storyboard; path = Card.storyboard; sourceTree = "<group>"; };
		0DCB7DA823E4591700A577B9 /* List.storyboard */ = {isa = PBXFileReference; lastKnownFileType = file.storyboard; path = List.storyboard; sourceTree = "<group>"; };
		0DCB7DB023E9995F00A577B9 /* Card.swift */ = {isa = PBXFileReference; lastKnownFileType = sourcecode.swift; path = Card.swift; sourceTree = "<group>"; };
		0DCB7DB223E999A800A577B9 /* Title.swift */ = {isa = PBXFileReference; lastKnownFileType = sourcecode.swift; path = Title.swift; sourceTree = "<group>"; };
		0DCB7DB423E999B600A577B9 /* Level.swift */ = {isa = PBXFileReference; lastKnownFileType = sourcecode.swift; path = Level.swift; sourceTree = "<group>"; };
		0DCB7DB623E99F2400A577B9 /* Cards.swift */ = {isa = PBXFileReference; lastKnownFileType = sourcecode.swift; path = Cards.swift; sourceTree = "<group>"; };
		0DCB7DC523ECAB8500A577B9 /* Base */ = {isa = PBXFileReference; lastKnownFileType = text.plist.strings; name = Base; path = Base.lproj/Localizable.strings; sourceTree = "<group>"; };
		0DCB7DCC23ECAEDB00A577B9 /* en */ = {isa = PBXFileReference; lastKnownFileType = text.plist.strings; name = en; path = en.lproj/Localizable.strings; sourceTree = "<group>"; };
		2A6FD52023E4737900054D33 /* CardTableViewCell.swift */ = {isa = PBXFileReference; lastKnownFileType = sourcecode.swift; path = CardTableViewCell.swift; sourceTree = "<group>"; };
		2A6FD52123E4737900054D33 /* CardTableViewCell.xib */ = {isa = PBXFileReference; lastKnownFileType = file.xib; path = CardTableViewCell.xib; sourceTree = "<group>"; };
		2AB6365123EC8315006C63C9 /* TutorialViewController.swift */ = {isa = PBXFileReference; lastKnownFileType = sourcecode.swift; path = TutorialViewController.swift; sourceTree = "<group>"; };
		2AB6365923ECD5E9006C63C9 /* pt-BR */ = {isa = PBXFileReference; lastKnownFileType = text.plist.strings; name = "pt-BR"; path = "pt-BR.lproj/LaunchScreen.strings"; sourceTree = "<group>"; };
		2AB6365A23ECD5E9006C63C9 /* pt-BR */ = {isa = PBXFileReference; lastKnownFileType = text.plist.strings; name = "pt-BR"; path = "pt-BR.lproj/Main.strings"; sourceTree = "<group>"; };
		2AF1049423E99EE1005390BE /* ListTableViewController.swift */ = {isa = PBXFileReference; lastKnownFileType = sourcecode.swift; path = ListTableViewController.swift; sourceTree = "<group>"; };
		2AF1049623E9C972005390BE /* CardViewController.swift */ = {isa = PBXFileReference; lastKnownFileType = sourcecode.swift; path = CardViewController.swift; sourceTree = "<group>"; };
		2AF1049823EA154F005390BE /* AboutViewController.swift */ = {isa = PBXFileReference; lastKnownFileType = sourcecode.swift; path = AboutViewController.swift; sourceTree = "<group>"; };
		DD265E05299AEC8A00F0612F /* HomeView.swift */ = {isa = PBXFileReference; lastKnownFileType = sourcecode.swift; path = HomeView.swift; sourceTree = "<group>"; };
		DD265E07299AEFFD00F0612F /* pt-BR */ = {isa = PBXFileReference; lastKnownFileType = text.plist.strings; name = "pt-BR"; path = "pt-BR.lproj/Localizable.strings"; sourceTree = "<group>"; };
		DD265E09299AF0CB00F0612F /* Fonts.swift */ = {isa = PBXFileReference; lastKnownFileType = sourcecode.swift; path = Fonts.swift; sourceTree = "<group>"; };
/* End PBXFileReference section */

/* Begin PBXFrameworksBuildPhase section */
		0DCB7D8823E44B7700A577B9 /* Frameworks */ = {
			isa = PBXFrameworksBuildPhase;
			buildActionMask = 2147483647;
			files = (
			);
			runOnlyForDeploymentPostprocessing = 0;
		};
/* End PBXFrameworksBuildPhase section */

/* Begin PBXGroup section */
		0DCB7D8223E44B7700A577B9 = {
			isa = PBXGroup;
			children = (
				0DCB7D8D23E44B7700A577B9 /* AccessibilityToolKit */,
				0DCB7D8C23E44B7700A577B9 /* Products */,
			);
			sourceTree = "<group>";
		};
		0DCB7D8C23E44B7700A577B9 /* Products */ = {
			isa = PBXGroup;
			children = (
				0DCB7D8B23E44B7700A577B9 /* AllyKit.app */,
			);
			name = Products;
			sourceTree = "<group>";
		};
		0DCB7D8D23E44B7700A577B9 /* AccessibilityToolKit */ = {
			isa = PBXGroup;
			children = (
				DD265E08299AF0B300F0612F /* Utils */,
				DD265E03299AEBA200F0612F /* Scenes */,
				0DCB7DAD23E9989300A577B9 /* Model */,
				2A6FD52423E4779E00054D33 /* CardCell */,
				0DCB7D8E23E44B7700A577B9 /* AppDelegate.swift */,
				0DCB7D9023E44B7700A577B9 /* SceneDelegate.swift */,
				0DCB7D9223E44B7700A577B9 /* ViewController.swift */,
				0DCB7D9723E44B7900A577B9 /* Assets.xcassets */,
				0DCB7D9923E44B7900A577B9 /* LaunchScreen.storyboard */,
				0DCB7D9C23E44B7900A577B9 /* Info.plist */,
				0DCB7D9423E44B7700A577B9 /* Main.storyboard */,
				0DCB7DA423E4567800A577B9 /* About.storyboard */,
				0DCB7DA623E458DD00A577B9 /* Card.storyboard */,
				0DCB7DA823E4591700A577B9 /* List.storyboard */,
				2AF1049423E99EE1005390BE /* ListTableViewController.swift */,
				2AF1049623E9C972005390BE /* CardViewController.swift */,
				2AF1049823EA154F005390BE /* AboutViewController.swift */,
				2AB6365123EC8315006C63C9 /* TutorialViewController.swift */,
				0DCB7DB623E99F2400A577B9 /* Cards.swift */,
				0DCB7DC423ECAB8500A577B9 /* Localizable.strings */,
			);
			path = AccessibilityToolKit;
			sourceTree = "<group>";
		};
		0DCB7DAD23E9989300A577B9 /* Model */ = {
			isa = PBXGroup;
			children = (
				0DCB7DB023E9995F00A577B9 /* Card.swift */,
				0DCB7DB223E999A800A577B9 /* Title.swift */,
				0DCB7DB423E999B600A577B9 /* Level.swift */,
			);
			path = Model;
			sourceTree = "<group>";
		};
		2A6FD52423E4779E00054D33 /* CardCell */ = {
			isa = PBXGroup;
			children = (
				2A6FD52023E4737900054D33 /* CardTableViewCell.swift */,
				2A6FD52123E4737900054D33 /* CardTableViewCell.xib */,
			);
			path = CardCell;
			sourceTree = "<group>";
		};
		DD265E03299AEBA200F0612F /* Scenes */ = {
			isa = PBXGroup;
			children = (
				DD265E04299AEBBA00F0612F /* Home */,
			);
			path = Scenes;
			sourceTree = "<group>";
		};
		DD265E04299AEBBA00F0612F /* Home */ = {
			isa = PBXGroup;
			children = (
				DD265E05299AEC8A00F0612F /* HomeView.swift */,
			);
			path = Home;
			sourceTree = "<group>";
		};
		DD265E08299AF0B300F0612F /* Utils */ = {
			isa = PBXGroup;
			children = (
				DD265E09299AF0CB00F0612F /* Fonts.swift */,
			);
			path = Utils;
			sourceTree = "<group>";
		};
/* End PBXGroup section */

/* Begin PBXNativeTarget section */
		0DCB7D8A23E44B7700A577B9 /* AccessibilityToolKit */ = {
			isa = PBXNativeTarget;
			buildConfigurationList = 0DCB7D9F23E44B7900A577B9 /* Build configuration list for PBXNativeTarget "AccessibilityToolKit" */;
			buildPhases = (
				0DCB7D8723E44B7700A577B9 /* Sources */,
				0DCB7D8823E44B7700A577B9 /* Frameworks */,
				0DCB7D8923E44B7700A577B9 /* Resources */,
			);
			buildRules = (
			);
			dependencies = (
			);
			name = AccessibilityToolKit;
			productName = AccessibilityToolKit;
			productReference = 0DCB7D8B23E44B7700A577B9 /* AllyKit.app */;
			productType = "com.apple.product-type.application";
		};
/* End PBXNativeTarget section */

/* Begin PBXProject section */
		0DCB7D8323E44B7700A577B9 /* Project object */ = {
			isa = PBXProject;
			attributes = {
				LastSwiftUpdateCheck = 1130;
				LastUpgradeCheck = 1130;
				ORGANIZATIONNAME = "Inara Takashi";
				TargetAttributes = {
					0DCB7D8A23E44B7700A577B9 = {
						CreatedOnToolsVersion = 11.3.1;
					};
				};
			};
			buildConfigurationList = 0DCB7D8623E44B7700A577B9 /* Build configuration list for PBXProject "AccessibilityToolKit" */;
			compatibilityVersion = "Xcode 9.3";
			developmentRegion = en;
			hasScannedForEncodings = 0;
			knownRegions = (
				en,
				Base,
				"pt-BR",
			);
			mainGroup = 0DCB7D8223E44B7700A577B9;
			productRefGroup = 0DCB7D8C23E44B7700A577B9 /* Products */;
			projectDirPath = "";
			projectRoot = "";
			targets = (
				0DCB7D8A23E44B7700A577B9 /* AccessibilityToolKit */,
			);
		};
/* End PBXProject section */

/* Begin PBXResourcesBuildPhase section */
		0DCB7D8923E44B7700A577B9 /* Resources */ = {
			isa = PBXResourcesBuildPhase;
			buildActionMask = 2147483647;
			files = (
				0DCB7D9B23E44B7900A577B9 /* LaunchScreen.storyboard in Resources */,
				2A6FD52323E4737900054D33 /* CardTableViewCell.xib in Resources */,
				0DCB7D9823E44B7900A577B9 /* Assets.xcassets in Resources */,
				0DCB7DA923E4591700A577B9 /* List.storyboard in Resources */,
				0DCB7D9623E44B7700A577B9 /* Main.storyboard in Resources */,
				0DCB7DC623ECAB8500A577B9 /* Localizable.strings in Resources */,
				0DCB7DA523E4567800A577B9 /* About.storyboard in Resources */,
				0DCB7DA723E458DD00A577B9 /* Card.storyboard in Resources */,
			);
			runOnlyForDeploymentPostprocessing = 0;
		};
/* End PBXResourcesBuildPhase section */

/* Begin PBXSourcesBuildPhase section */
		0DCB7D8723E44B7700A577B9 /* Sources */ = {
			isa = PBXSourcesBuildPhase;
			buildActionMask = 2147483647;
			files = (
				DD265E0A299AF0CB00F0612F /* Fonts.swift in Sources */,
				0DCB7D9323E44B7700A577B9 /* ViewController.swift in Sources */,
				0DCB7DB123E9995F00A577B9 /* Card.swift in Sources */,
				DD265E06299AEC8A00F0612F /* HomeView.swift in Sources */,
				0DCB7DB323E999A800A577B9 /* Title.swift in Sources */,
				0DCB7DB723E99F2400A577B9 /* Cards.swift in Sources */,
				2AF1049723E9C972005390BE /* CardViewController.swift in Sources */,
				0DCB7D8F23E44B7700A577B9 /* AppDelegate.swift in Sources */,
				0DCB7D9123E44B7700A577B9 /* SceneDelegate.swift in Sources */,
				2AF1049523E99EE1005390BE /* ListTableViewController.swift in Sources */,
				2A6FD52223E4737900054D33 /* CardTableViewCell.swift in Sources */,
				2AF1049923EA154F005390BE /* AboutViewController.swift in Sources */,
				2AB6365223EC8315006C63C9 /* TutorialViewController.swift in Sources */,
				0DCB7DB523E999B600A577B9 /* Level.swift in Sources */,
			);
			runOnlyForDeploymentPostprocessing = 0;
		};
/* End PBXSourcesBuildPhase section */

/* Begin PBXVariantGroup section */
		0DCB7D9423E44B7700A577B9 /* Main.storyboard */ = {
			isa = PBXVariantGroup;
			children = (
				0DCB7D9523E44B7700A577B9 /* Base */,
				2AB6365A23ECD5E9006C63C9 /* pt-BR */,
			);
			name = Main.storyboard;
			sourceTree = "<group>";
		};
		0DCB7D9923E44B7900A577B9 /* LaunchScreen.storyboard */ = {
			isa = PBXVariantGroup;
			children = (
				0DCB7D9A23E44B7900A577B9 /* Base */,
				2AB6365923ECD5E9006C63C9 /* pt-BR */,
			);
			name = LaunchScreen.storyboard;
			sourceTree = "<group>";
		};
		0DCB7DC423ECAB8500A577B9 /* Localizable.strings */ = {
			isa = PBXVariantGroup;
			children = (
				0DCB7DC523ECAB8500A577B9 /* Base */,
				0DCB7DCC23ECAEDB00A577B9 /* en */,
				DD265E07299AEFFD00F0612F /* pt-BR */,
			);
			name = Localizable.strings;
			sourceTree = "<group>";
		};
/* End PBXVariantGroup section */

/* Begin XCBuildConfiguration section */
		0DCB7D9D23E44B7900A577B9 /* Debug */ = {
			isa = XCBuildConfiguration;
			buildSettings = {
				ALWAYS_SEARCH_USER_PATHS = NO;
				CLANG_ANALYZER_LOCALIZABILITY_NONLOCALIZED = YES;
				CLANG_ANALYZER_NONNULL = YES;
				CLANG_ANALYZER_NUMBER_OBJECT_CONVERSION = YES_AGGRESSIVE;
				CLANG_CXX_LANGUAGE_STANDARD = "gnu++14";
				CLANG_CXX_LIBRARY = "libc++";
				CLANG_ENABLE_MODULES = YES;
				CLANG_ENABLE_OBJC_ARC = YES;
				CLANG_ENABLE_OBJC_WEAK = YES;
				CLANG_WARN_BLOCK_CAPTURE_AUTORELEASING = YES;
				CLANG_WARN_BOOL_CONVERSION = YES;
				CLANG_WARN_COMMA = YES;
				CLANG_WARN_CONSTANT_CONVERSION = YES;
				CLANG_WARN_DEPRECATED_OBJC_IMPLEMENTATIONS = YES;
				CLANG_WARN_DIRECT_OBJC_ISA_USAGE = YES_ERROR;
				CLANG_WARN_DOCUMENTATION_COMMENTS = YES;
				CLANG_WARN_EMPTY_BODY = YES;
				CLANG_WARN_ENUM_CONVERSION = YES;
				CLANG_WARN_INFINITE_RECURSION = YES;
				CLANG_WARN_INT_CONVERSION = YES;
				CLANG_WARN_NON_LITERAL_NULL_CONVERSION = YES;
				CLANG_WARN_OBJC_IMPLICIT_RETAIN_SELF = YES;
				CLANG_WARN_OBJC_LITERAL_CONVERSION = YES;
				CLANG_WARN_OBJC_ROOT_CLASS = YES_ERROR;
				CLANG_WARN_RANGE_LOOP_ANALYSIS = YES;
				CLANG_WARN_STRICT_PROTOTYPES = YES;
				CLANG_WARN_SUSPICIOUS_MOVE = YES;
				CLANG_WARN_UNGUARDED_AVAILABILITY = YES_AGGRESSIVE;
				CLANG_WARN_UNREACHABLE_CODE = YES;
				CLANG_WARN__DUPLICATE_METHOD_MATCH = YES;
				COPY_PHASE_STRIP = NO;
				DEBUG_INFORMATION_FORMAT = dwarf;
				ENABLE_STRICT_OBJC_MSGSEND = YES;
				ENABLE_TESTABILITY = YES;
				GCC_C_LANGUAGE_STANDARD = gnu11;
				GCC_DYNAMIC_NO_PIC = NO;
				GCC_NO_COMMON_BLOCKS = YES;
				GCC_OPTIMIZATION_LEVEL = 0;
				GCC_PREPROCESSOR_DEFINITIONS = (
					"DEBUG=1",
					"$(inherited)",
				);
				GCC_WARN_64_TO_32_BIT_CONVERSION = YES;
				GCC_WARN_ABOUT_RETURN_TYPE = YES_ERROR;
				GCC_WARN_UNDECLARED_SELECTOR = YES;
				GCC_WARN_UNINITIALIZED_AUTOS = YES_AGGRESSIVE;
				GCC_WARN_UNUSED_FUNCTION = YES;
				GCC_WARN_UNUSED_VARIABLE = YES;
				IPHONEOS_DEPLOYMENT_TARGET = 12.0;
				MTL_ENABLE_DEBUG_INFO = INCLUDE_SOURCE;
				MTL_FAST_MATH = YES;
				ONLY_ACTIVE_ARCH = YES;
				SDKROOT = iphoneos;
				SWIFT_ACTIVE_COMPILATION_CONDITIONS = DEBUG;
				SWIFT_OPTIMIZATION_LEVEL = "-Onone";
			};
			name = Debug;
		};
		0DCB7D9E23E44B7900A577B9 /* Release */ = {
			isa = XCBuildConfiguration;
			buildSettings = {
				ALWAYS_SEARCH_USER_PATHS = NO;
				CLANG_ANALYZER_LOCALIZABILITY_NONLOCALIZED = YES;
				CLANG_ANALYZER_NONNULL = YES;
				CLANG_ANALYZER_NUMBER_OBJECT_CONVERSION = YES_AGGRESSIVE;
				CLANG_CXX_LANGUAGE_STANDARD = "gnu++14";
				CLANG_CXX_LIBRARY = "libc++";
				CLANG_ENABLE_MODULES = YES;
				CLANG_ENABLE_OBJC_ARC = YES;
				CLANG_ENABLE_OBJC_WEAK = YES;
				CLANG_WARN_BLOCK_CAPTURE_AUTORELEASING = YES;
				CLANG_WARN_BOOL_CONVERSION = YES;
				CLANG_WARN_COMMA = YES;
				CLANG_WARN_CONSTANT_CONVERSION = YES;
				CLANG_WARN_DEPRECATED_OBJC_IMPLEMENTATIONS = YES;
				CLANG_WARN_DIRECT_OBJC_ISA_USAGE = YES_ERROR;
				CLANG_WARN_DOCUMENTATION_COMMENTS = YES;
				CLANG_WARN_EMPTY_BODY = YES;
				CLANG_WARN_ENUM_CONVERSION = YES;
				CLANG_WARN_INFINITE_RECURSION = YES;
				CLANG_WARN_INT_CONVERSION = YES;
				CLANG_WARN_NON_LITERAL_NULL_CONVERSION = YES;
				CLANG_WARN_OBJC_IMPLICIT_RETAIN_SELF = YES;
				CLANG_WARN_OBJC_LITERAL_CONVERSION = YES;
				CLANG_WARN_OBJC_ROOT_CLASS = YES_ERROR;
				CLANG_WARN_RANGE_LOOP_ANALYSIS = YES;
				CLANG_WARN_STRICT_PROTOTYPES = YES;
				CLANG_WARN_SUSPICIOUS_MOVE = YES;
				CLANG_WARN_UNGUARDED_AVAILABILITY = YES_AGGRESSIVE;
				CLANG_WARN_UNREACHABLE_CODE = YES;
				CLANG_WARN__DUPLICATE_METHOD_MATCH = YES;
				COPY_PHASE_STRIP = NO;
				DEBUG_INFORMATION_FORMAT = "dwarf-with-dsym";
				ENABLE_NS_ASSERTIONS = NO;
				ENABLE_STRICT_OBJC_MSGSEND = YES;
				GCC_C_LANGUAGE_STANDARD = gnu11;
				GCC_NO_COMMON_BLOCKS = YES;
				GCC_WARN_64_TO_32_BIT_CONVERSION = YES;
				GCC_WARN_ABOUT_RETURN_TYPE = YES_ERROR;
				GCC_WARN_UNDECLARED_SELECTOR = YES;
				GCC_WARN_UNINITIALIZED_AUTOS = YES_AGGRESSIVE;
				GCC_WARN_UNUSED_FUNCTION = YES;
				GCC_WARN_UNUSED_VARIABLE = YES;
				IPHONEOS_DEPLOYMENT_TARGET = 12.0;
				MTL_ENABLE_DEBUG_INFO = NO;
				MTL_FAST_MATH = YES;
				SDKROOT = iphoneos;
				SWIFT_COMPILATION_MODE = wholemodule;
				SWIFT_OPTIMIZATION_LEVEL = "-O";
				VALIDATE_PRODUCT = YES;
			};
			name = Release;
		};
		0DCB7DA023E44B7900A577B9 /* Debug */ = {
			isa = XCBuildConfiguration;
			buildSettings = {
				ASSETCATALOG_COMPILER_APPICON_NAME = AppIcon;
				CODE_SIGN_STYLE = Automatic;
				DEVELOPMENT_TEAM = C7CS39R779;
				INFOPLIST_FILE = AccessibilityToolKit/Info.plist;
				IPHONEOS_DEPLOYMENT_TARGET = 16.0;
				LD_RUNPATH_SEARCH_PATHS = (
					"$(inherited)",
					"@executable_path/Frameworks",
				);
				PRODUCT_BUNDLE_IDENTIFIER = n.AccessibilityToolKit;
				PRODUCT_NAME = AllyKit;
				SWIFT_VERSION = 5.0;
				TARGETED_DEVICE_FAMILY = 1;
			};
			name = Debug;
		};
		0DCB7DA123E44B7900A577B9 /* Release */ = {
			isa = XCBuildConfiguration;
			buildSettings = {
				ASSETCATALOG_COMPILER_APPICON_NAME = AppIcon;
				CODE_SIGN_STYLE = Automatic;
				DEVELOPMENT_TEAM = C7CS39R779;
				INFOPLIST_FILE = AccessibilityToolKit/Info.plist;
				IPHONEOS_DEPLOYMENT_TARGET = 16.0;
				LD_RUNPATH_SEARCH_PATHS = (
					"$(inherited)",
					"@executable_path/Frameworks",
				);
				PRODUCT_BUNDLE_IDENTIFIER = n.AccessibilityToolKit;
				PRODUCT_NAME = AllyKit;
				SWIFT_VERSION = 5.0;
				TARGETED_DEVICE_FAMILY = 1;
			};
			name = Release;
		};
/* End XCBuildConfiguration section */

/* Begin XCConfigurationList section */
		0DCB7D8623E44B7700A577B9 /* Build configuration list for PBXProject "AccessibilityToolKit" */ = {
			isa = XCConfigurationList;
			buildConfigurations = (
				0DCB7D9D23E44B7900A577B9 /* Debug */,
				0DCB7D9E23E44B7900A577B9 /* Release */,
			);
			defaultConfigurationIsVisible = 0;
			defaultConfigurationName = Release;
		};
		0DCB7D9F23E44B7900A577B9 /* Build configuration list for PBXNativeTarget "AccessibilityToolKit" */ = {
			isa = XCConfigurationList;
			buildConfigurations = (
				0DCB7DA023E44B7900A577B9 /* Debug */,
				0DCB7DA123E44B7900A577B9 /* Release */,
			);
			defaultConfigurationIsVisible = 0;
			defaultConfigurationName = Release;
		};
/* End XCConfigurationList section */
	};
	rootObject = 0DCB7D8323E44B7700A577B9 /* Project object */;
}
